
Microsoft Visual Studio Solution File, Format Version 12.00
# Visual Studio Version 16
VisualStudioVersion = 16.0.29709.97
MinimumVisualStudioVersion = 10.0.40219.1
Project("{FAE04EC0-301F-11D3-BF4B-00C04F79EFBC}") = "API", "API\API.csproj", "{9D42DB7E-656D-49E2-8A8B-196286567718}"
EndProject
Global
	GlobalSection(SolutionConfigurationPlatforms) = preSolution
		Debug|Any CPU = Debug|Any CPU
		Release|Any CPU = Release|Any CPU
	EndGlobalSection
	GlobalSection(ProjectConfigurationPlatforms) = postSolution
		{9D42DB7E-656D-49E2-8A8B-196286567718}.Debug|Any CPU.ActiveCfg = Debug|Any CPU
		{9D42DB7E-656D-49E2-8A8B-196286567718}.Debug|Any CPU.Build.0 = Debug|Any CPU
		{9D42DB7E-656D-49E2-8A8B-196286567718}.Release|Any CPU.ActiveCfg = Release|Any CPU
		{9D42DB7E-656D-49E2-8A8B-196286567718}.Release|Any CPU.Build.0 = Release|Any CPU
	EndGlobalSection
	GlobalSection(SolutionProperties) = preSolution
		HideSolutionNode = FALSE
	EndGlobalSection
	GlobalSection(ExtensibilityGlobals) = postSolution
		SolutionGuid = {5EBB45A5-0BBF-49F2-B8F1-0EC9C891E109}
	EndGlobalSection
EndGlobal
